// !$*UTF8*$!
{
	archiveVersion = 1;
	classes = {
	};
	objectVersion = 46;
	objects = {

/* Begin PBXBuildFile section */
		3F2BA7821C0E5D100089000F /* ContentViewController.swift in Sources */ = {isa = PBXBuildFile; fileRef = 3F2BA7811C0E5D100089000F /* ContentViewController.swift */; };
		3F2BA7841C0E5D460089000F /* ContentViewController.xib in Resources */ = {isa = PBXBuildFile; fileRef = 3F2BA7831C0E5D460089000F /* ContentViewController.xib */; };
		3F5C16111C0DABB00043C301 /* AppDelegate.swift in Sources */ = {isa = PBXBuildFile; fileRef = 3F5C16101C0DABB00043C301 /* AppDelegate.swift */; };
		3F5C16131C0DABB00043C301 /* TopViewController.swift in Sources */ = {isa = PBXBuildFile; fileRef = 3F5C16121C0DABB00043C301 /* TopViewController.swift */; };
		3F5C16181C0DABB00043C301 /* Assets.xcassets in Resources */ = {isa = PBXBuildFile; fileRef = 3F5C16171C0DABB00043C301 /* Assets.xcassets */; };
		3F5C16231C0DACD90043C301 /* TopViewController.xib in Resources */ = {isa = PBXBuildFile; fileRef = 3F5C16221C0DACD90043C301 /* TopViewController.xib */; };
		571E741DF0CD43B7E913DC3C /* Pods.framework in Frameworks */ = {isa = PBXBuildFile; fileRef = 40656C00BA6C50CD2568542B /* Pods.framework */; };
/* End PBXBuildFile section */

/* Begin PBXFileReference section */
		3F2BA7811C0E5D100089000F /* ContentViewController.swift */ = {isa = PBXFileReference; fileEncoding = 4; lastKnownFileType = sourcecode.swift; path = ContentViewController.swift; sourceTree = "<group>"; };
		3F2BA7831C0E5D460089000F /* ContentViewController.xib */ = {isa = PBXFileReference; fileEncoding = 4; lastKnownFileType = file.xib; path = ContentViewController.xib; sourceTree = "<group>"; };
		3F5C160D1C0DABB00043C301 /* SampleAlamofire.app */ = {isa = PBXFileReference; explicitFileType = wrapper.application; includeInIndex = 0; path = SampleAlamofire.app; sourceTree = BUILT_PRODUCTS_DIR; };
		3F5C16101C0DABB00043C301 /* AppDelegate.swift */ = {isa = PBXFileReference; lastKnownFileType = sourcecode.swift; path = AppDelegate.swift; sourceTree = "<group>"; };
		3F5C16121C0DABB00043C301 /* TopViewController.swift */ = {isa = PBXFileReference; lastKnownFileType = sourcecode.swift; path = TopViewController.swift; sourceTree = "<group>"; };
		3F5C16171C0DABB00043C301 /* Assets.xcassets */ = {isa = PBXFileReference; lastKnownFileType = folder.assetcatalog; path = Assets.xcassets; sourceTree = "<group>"; };
		3F5C161C1C0DABB00043C301 /* Info.plist */ = {isa = PBXFileReference; lastKnownFileType = text.plist.xml; path = Info.plist; sourceTree = "<group>"; };
		3F5C16221C0DACD90043C301 /* TopViewController.xib */ = {isa = PBXFileReference; fileEncoding = 4; lastKnownFileType = file.xib; name = TopViewController.xib; path = ../TopViewController.xib; sourceTree = "<group>"; };
		40656C00BA6C50CD2568542B /* Pods.framework */ = {isa = PBXFileReference; explicitFileType = wrapper.framework; includeInIndex = 0; path = Pods.framework; sourceTree = BUILT_PRODUCTS_DIR; };
		6A172A930DE8C9A49D64630F /* Pods.debug.xcconfig */ = {isa = PBXFileReference; includeInIndex = 1; lastKnownFileType = text.xcconfig; name = Pods.debug.xcconfig; path = "Pods/Target Support Files/Pods/Pods.debug.xcconfig"; sourceTree = "<group>"; };
		EA67F107FE3B43CB255D302F /* Pods.release.xcconfig */ = {isa = PBXFileReference; includeInIndex = 1; lastKnownFileType = text.xcconfig; name = Pods.release.xcconfig; path = "Pods/Target Support Files/Pods/Pods.release.xcconfig"; sourceTree = "<group>"; };
/* End PBXFileReference section */

/* Begin PBXFrameworksBuildPhase section */
		3F5C160A1C0DABB00043C301 /* Frameworks */ = {
			isa = PBXFrameworksBuildPhase;
			buildActionMask = 2147483647;
			files = (
				571E741DF0CD43B7E913DC3C /* Pods.framework in Frameworks */,
			);
			runOnlyForDeploymentPostprocessing = 0;
		};
/* End PBXFrameworksBuildPhase section */

/* Begin PBXGroup section */
		3F5C16041C0DABB00043C301 = {
			isa = PBXGroup;
			children = (
				3F5C160F1C0DABB00043C301 /* SampleAlamofire */,
				3F5C160E1C0DABB00043C301 /* Products */,
				A346144C006C537AB4493020 /* Pods */,
				C2FDFA7EF628857ADCEC8E96 /* Frameworks */,
			);
			sourceTree = "<group>";
		};
		3F5C160E1C0DABB00043C301 /* Products */ = {
			isa = PBXGroup;
			children = (
				3F5C160D1C0DABB00043C301 /* SampleAlamofire.app */,
			);
			name = Products;
			sourceTree = "<group>";
		};
		3F5C160F1C0DABB00043C301 /* SampleAlamofire */ = {
			isa = PBXGroup;
			children = (
				3F5C16101C0DABB00043C301 /* AppDelegate.swift */,
				3F5C16121C0DABB00043C301 /* TopViewController.swift */,
				3F5C16221C0DACD90043C301 /* TopViewController.xib */,
				3F2BA7811C0E5D100089000F /* ContentViewController.swift */,
				3F2BA7831C0E5D460089000F /* ContentViewController.xib */,
				3F5C16171C0DABB00043C301 /* Assets.xcassets */,
				3F5C161C1C0DABB00043C301 /* Info.plist */,
			);
			path = SampleAlamofire;
			sourceTree = "<group>";
		};
		A346144C006C537AB4493020 /* Pods */ = {
			isa = PBXGroup;
			children = (
				6A172A930DE8C9A49D64630F /* Pods.debug.xcconfig */,
				EA67F107FE3B43CB255D302F /* Pods.release.xcconfig */,
			);
			name = Pods;
			sourceTree = "<group>";
		};
		C2FDFA7EF628857ADCEC8E96 /* Frameworks */ = {
			isa = PBXGroup;
			children = (
				40656C00BA6C50CD2568542B /* Pods.framework */,
			);
			name = Frameworks;
			sourceTree = "<group>";
		};
/* End PBXGroup section */

/* Begin PBXNativeTarget section */
		3F5C160C1C0DABB00043C301 /* SampleAlamofire */ = {
			isa = PBXNativeTarget;
			buildConfigurationList = 3F5C161F1C0DABB00043C301 /* Build configuration list for PBXNativeTarget "SampleAlamofire" */;
			buildPhases = (
				D94DBF8422BD8006B5212AA1 /* Check Pods Manifest.lock */,
				3F5C16091C0DABB00043C301 /* Sources */,
				3F5C160A1C0DABB00043C301 /* Frameworks */,
				3F5C160B1C0DABB00043C301 /* Resources */,
				69898157ADD1902AC86E3565 /* Embed Pods Frameworks */,
				D09453C04DA855B6D4838428 /* Copy Pods Resources */,
			);
			buildRules = (
			);
			dependencies = (
			);
			name = SampleAlamofire;
			productName = SampleAlamofire;
			productReference = 3F5C160D1C0DABB00043C301 /* SampleAlamofire.app */;
			productType = "com.apple.product-type.application";
		};
/* End PBXNativeTarget section */

/* Begin PBXProject section */
		3F5C16051C0DABB00043C301 /* Project object */ = {
			isa = PBXProject;
			attributes = {
				LastSwiftUpdateCheck = 0710;
				LastUpgradeCheck = 0710;
				ORGANIZATIONNAME = "Masatsugu Futamata";
				TargetAttributes = {
					3F5C160C1C0DABB00043C301 = {
						CreatedOnToolsVersion = 7.1.1;
					};
				};
			};
			buildConfigurationList = 3F5C16081C0DABB00043C301 /* Build configuration list for PBXProject "SampleAlamofire" */;
			compatibilityVersion = "Xcode 3.2";
			developmentRegion = English;
			hasScannedForEncodings = 0;
			knownRegions = (
				en,
				Base,
			);
			mainGroup = 3F5C16041C0DABB00043C301;
			productRefGroup = 3F5C160E1C0DABB00043C301 /* Products */;
			projectDirPath = "";
			projectRoot = "";
			targets = (
				3F5C160C1C0DABB00043C301 /* SampleAlamofire */,
			);
		};
/* End PBXProject section */

/* Begin PBXResourcesBuildPhase section */
		3F5C160B1C0DABB00043C301 /* Resources */ = {
			isa = PBXResourcesBuildPhase;
			buildActionMask = 2147483647;
			files = (
				3F5C16231C0DACD90043C301 /* TopViewController.xib in Resources */,
				3F5C16181C0DABB00043C301 /* Assets.xcassets in Resources */,
				3F2BA7841C0E5D460089000F /* ContentViewController.xib in Resources */,
			);
			runOnlyForDeploymentPostprocessing = 0;
		};
/* End PBXResourcesBuildPhase section */

/* Begin PBXShellScriptBuildPhase section */
		69898157ADD1902AC86E3565 /* Embed Pods Frameworks */ = {
			isa = PBXShellScriptBuildPhase;
			buildActionMask = 2147483647;
			files = (
			);
			inputPaths = (
			);
			name = "Embed Pods Frameworks";
			outputPaths = (
			);
			runOnlyForDeploymentPostprocessing = 0;
			shellPath = /bin/sh;
			shellScript = "\"${SRCROOT}/Pods/Target Support Files/Pods/Pods-frameworks.sh\"\n";
			showEnvVarsInLog = 0;
		};
		D09453C04DA855B6D4838428 /* Copy Pods Resources */ = {
			isa = PBXShellScriptBuildPhase;
			buildActionMask = 2147483647;
			files = (
			);
			inputPaths = (
			);
			name = "Copy Pods Resources";
			outputPaths = (
			);
			runOnlyForDeploymentPostprocessing = 0;
			shellPath = /bin/sh;
			shellScript = "\"${SRCROOT}/Pods/Target Support Files/Pods/Pods-resources.sh\"\n";
			showEnvVarsInLog = 0;
		};
		D94DBF8422BD8006B5212AA1 /* Check Pods Manifest.lock */ = {
			isa = PBXShellScriptBuildPhase;
			buildActionMask = 2147483647;
			files = (
			);
			inputPaths = (
			);
			name = "Check Pods Manifest.lock";
			outputPaths = (
			);
			runOnlyForDeploymentPostprocessing = 0;
			shellPath = /bin/sh;
			shellScript = "diff \"${PODS_ROOT}/../Podfile.lock\" \"${PODS_ROOT}/Manifest.lock\" > /dev/null\nif [[ $? != 0 ]] ; then\n    cat << EOM\nerror: The sandbox is not in sync with the Podfile.lock. Run 'pod install' or update your CocoaPods installation.\nEOM\n    exit 1\nfi\n";
			showEnvVarsInLog = 0;
		};
/* End PBXShellScriptBuildPhase section */

/* Begin PBXSourcesBuildPhase section */
		3F5C16091C0DABB00043C301 /* Sources */ = {
			isa = PBXSourcesBuildPhase;
			buildActionMask = 2147483647;
			files = (
				3F5C16131C0DABB00043C301 /* TopViewController.swift in Sources */,
				3F2BA7821C0E5D100089000F /* ContentViewController.swift in Sources */,
				3F5C16111C0DABB00043C301 /* AppDelegate.swift in Sources */,
			);
			runOnlyForDeploymentPostprocessing = 0;
		};
/* End PBXSourcesBuildPhase section */

/* Begin XCBuildConfiguration section */
		3F5C161D1C0DABB00043C301 /* Debug */ = {
			isa = XCBuildConfiguration;
			buildSettings = {
				ALWAYS_SEARCH_USER_PATHS = NO;
				CLANG_CXX_LANGUAGE_STANDARD = "gnu++0x";
				CLANG_CXX_LIBRARY = "libc++";
				CLANG_ENABLE_MODULES = YES;
				CLANG_ENABLE_OBJC_ARC = YES;
				CLANG_WARN_BOOL_CONVERSION = YES;
				CLANG_WARN_CONSTANT_CONVERSION = YES;
				CLANG_WARN_DIRECT_OBJC_ISA_USAGE = YES_ERROR;
				CLANG_WARN_EMPTY_BODY = YES;
				CLANG_WARN_ENUM_CONVERSION = YES;
				CLANG_WARN_INT_CONVERSION = YES;
				CLANG_WARN_OBJC_ROOT_CLASS = YES_ERROR;
				CLANG_WARN_UNREACHABLE_CODE = YES;
				CLANG_WARN__DUPLICATE_METHOD_MATCH = YES;
				"CODE_SIGN_IDENTITY[sdk=iphoneos*]" = "iPhone Developer";
				COPY_PHASE_STRIP = NO;
				DEBUG_INFORMATION_FORMAT = dwarf;
				ENABLE_STRICT_OBJC_MSGSEND = YES;
				ENABLE_TESTABILITY = YES;
				GCC_C_LANGUAGE_STANDARD = gnu99;
				GCC_DYNAMIC_NO_PIC = NO;
				GCC_NO_COMMON_BLOCKS = YES;
				GCC_OPTIMIZATION_LEVEL = 0;
				GCC_PREPROCESSOR_DEFINITIONS = (
					"DEBUG=1",
					"$(inherited)",
				);
				GCC_WARN_64_TO_32_BIT_CONVERSION = YES;
				GCC_WARN_ABOUT_RETURN_TYPE = YES_ERROR;
				GCC_WARN_UNDECLARED_SELECTOR = YES;
				GCC_WARN_UNINITIALIZED_AUTOS = YES_AGGRESSIVE;
				GCC_WARN_UNUSED_FUNCTION = YES;
				GCC_WARN_UNUSED_VARIABLE = YES;
				IPHONEOS_DEPLOYMENT_TARGET = 9.1;
				MTL_ENABLE_DEBUG_INFO = YES;
				ONLY_ACTIVE_ARCH = YES;
				SDKROOT = iphoneos;
				SWIFT_OPTIMIZATION_LEVEL = "-Onone";
			};
			name = Debug;
		};
		3F5C161E1C0DABB00043C301 /* Release */ = {
			isa = XCBuildConfiguration;
			buildSettings = {
				ALWAYS_SEARCH_USER_PATHS = NO;
				CLANG_CXX_LANGUAGE_STANDARD = "gnu++0x";
				CLANG_CXX_LIBRARY = "libc++";
				CLANG_ENABLE_MODULES = YES;
				CLANG_ENABLE_OBJC_ARC = YES;
				CLANG_WARN_BOOL_CONVERSION = YES;
				CLANG_WARN_CONSTANT_CONVERSION = YES;
				CLANG_WARN_DIRECT_OBJC_ISA_USAGE = YES_ERROR;
				CLANG_WARN_EMPTY_BODY = YES;
				CLANG_WARN_ENUM_CONVERSION = YES;
				CLANG_WARN_INT_CONVERSION = YES;
				CLANG_WARN_OBJC_ROOT_CLASS = YES_ERROR;
				CLANG_WARN_UNREACHABLE_CODE = YES;
				CLANG_WARN__DUPLICATE_METHOD_MATCH = YES;
				"CODE_SIGN_IDENTITY[sdk=iphoneos*]" = "iPhone Developer";
				COPY_PHASE_STRIP = NO;
				DEBUG_INFORMATION_FORMAT = "dwarf-with-dsym";
				ENABLE_NS_ASSERTIONS = NO;
				ENABLE_STRICT_OBJC_MSGSEND = YES;
				GCC_C_LANGUAGE_STANDARD = gnu99;
				GCC_NO_COMMON_BLOCKS = YES;
				GCC_WARN_64_TO_32_BIT_CONVERSION = YES;
				GCC_WARN_ABOUT_RETURN_TYPE = YES_ERROR;
				GCC_WARN_UNDECLARED_SELECTOR = YES;
				GCC_WARN_UNINITIALIZED_AUTOS = YES_AGGRESSIVE;
				GCC_WARN_UNUSED_FUNCTION = YES;
				GCC_WARN_UNUSED_VARIABLE = YES;
				IPHONEOS_DEPLOYMENT_TARGET = 9.1;
				MTL_ENABLE_DEBUG_INFO = NO;
				SDKROOT = iphoneos;
				VALIDATE_PRODUCT = YES;
			};
			name = Release;
		};
		3F5C16201C0DABB00043C301 /* Debug */ = {
			isa = XCBuildConfiguration;
			baseConfigurationReference = 6A172A930DE8C9A49D64630F /* Pods.debug.xcconfig */;
			buildSettings = {
				ASSETCATALOG_COMPILER_APPICON_NAME = AppIcon;
				INFOPLIST_FILE = SampleAlamofire/Info.plist;
				LD_RUNPATH_SEARCH_PATHS = "$(inherited) @executable_path/Frameworks";
				PRODUCT_BUNDLE_IDENTIFIER = info.paveway.SampleAlamofire;
				PRODUCT_NAME = "$(TARGET_NAME)";
			};
			name = Debug;
		};
		3F5C16211C0DABB00043C301 /* Release */ = {
			isa = XCBuildConfiguration;
			baseConfigurationReference = EA67F107FE3B43CB255D302F /* Pods.release.xcconfig */;
			buildSettings = {
				ASSETCATALOG_COMPILER_APPICON_NAME = AppIcon;
				INFOPLIST_FILE = SampleAlamofire/Info.plist;
				LD_RUNPATH_SEARCH_PATHS = "$(inherited) @executable_path/Frameworks";
				PRODUCT_BUNDLE_IDENTIFIER = info.paveway.SampleAlamofire;
				PRODUCT_NAME = "$(TARGET_NAME)";
			};
			name = Release;
		};
/* End XCBuildConfiguration section */

/* Begin XCConfigurationList section */
		3F5C16081C0DABB00043C301 /* Build configuration list for PBXProject "SampleAlamofire" */ = {
			isa = XCConfigurationList;
			buildConfigurations = (
				3F5C161D1C0DABB00043C301 /* Debug */,
				3F5C161E1C0DABB00043C301 /* Release */,
			);
			defaultConfigurationIsVisible = 0;
			defaultConfigurationName = Release;
		};
		3F5C161F1C0DABB00043C301 /* Build configuration list for PBXNativeTarget "SampleAlamofire" */ = {
			isa = XCConfigurationList;
			buildConfigurations = (
				3F5C16201C0DABB00043C301 /* Debug */,
				3F5C16211C0DABB00043C301 /* Release */,
			);
			defaultConfigurationIsVisible = 0;
			defaultConfigurationName = Release;
		};
/* End XCConfigurationList section */
	};
	rootObject = 3F5C16051C0DABB00043C301 /* Project object */;
}
